
Microsoft Visual Studio Solution File, Format Version 12.00
# Visual Studio 15
VisualStudioVersion = 15.0.27130.2010
MinimumVisualStudioVersion = 10.0.40219.1
Project("{888888A0-9F3D-457C-B088-3A5042F75D52}") = "PyExample", "PyExample\PyExample.pyproj", "{5D88AD44-8768-4AAA-812B-2AF14EF771C1}"
EndProject
Global
	GlobalSection(SolutionConfigurationPlatforms) = preSolution
		Debug|Any CPU = Debug|Any CPU
		Release|Any CPU = Release|Any CPU
	EndGlobalSection
	GlobalSection(ProjectConfigurationPlatforms) = postSolution
		{5D88AD44-8768-4AAA-812B-2AF14EF771C1}.Debug|Any CPU.ActiveCfg = Debug|Any CPU
		{5D88AD44-8768-4AAA-812B-2AF14EF771C1}.Release|Any CPU.ActiveCfg = Release|Any CPU
	EndGlobalSection
	GlobalSection(SolutionProperties) = preSolution
		HideSolutionNode = FALSE
	EndGlobalSection
	GlobalSection(ExtensibilityGlobals) = postSolution
		SolutionGuid = {C7F70BD0-5B14-4560-98EE-A0663C73EF78}
	EndGlobalSection
EndGlobal
