
Microsoft Visual Studio Solution File, Format Version 12.00
# Visual Studio 15
VisualStudioVersion = 15.0.27130.2010
MinimumVisualStudioVersion = 10.0.40219.1
Project("{FAE04EC0-301F-11D3-BF4B-00C04F79EFBC}") = "WPF_ContextMenu", "WPF_ContextMenu\WPF_ContextMenu.csproj", "{1B3CE2B2-4B33-4FDD-9F5B-D766D79D8D48}"
EndProject
Global
	GlobalSection(SolutionConfigurationPlatforms) = preSolution
		Debug|Any CPU = Debug|Any CPU
		Release|Any CPU = Release|Any CPU
	EndGlobalSection
	GlobalSection(ProjectConfigurationPlatforms) = postSolution
		{1B3CE2B2-4B33-4FDD-9F5B-D766D79D8D48}.Debug|Any CPU.ActiveCfg = Debug|Any CPU
		{1B3CE2B2-4B33-4FDD-9F5B-D766D79D8D48}.Debug|Any CPU.Build.0 = Debug|Any CPU
		{1B3CE2B2-4B33-4FDD-9F5B-D766D79D8D48}.Release|Any CPU.ActiveCfg = Release|Any CPU
		{1B3CE2B2-4B33-4FDD-9F5B-D766D79D8D48}.Release|Any CPU.Build.0 = Release|Any CPU
	EndGlobalSection
	GlobalSection(SolutionProperties) = preSolution
		HideSolutionNode = FALSE
	EndGlobalSection
	GlobalSection(ExtensibilityGlobals) = postSolution
		SolutionGuid = {F0C849B0-E663-4E41-A045-2BF43C852699}
	EndGlobalSection
EndGlobal
