
Microsoft Visual Studio Solution File, Format Version 12.00
# Visual Studio 14
VisualStudioVersion = 14.0.25420.1
MinimumVisualStudioVersion = 10.0.40219.1
Project("{FAE04EC0-301F-11D3-BF4B-00C04F79EFBC}") = "SerialComTest", "SerialComTest\SerialComTest.csproj", "{2C52F76F-B4E8-4655-932A-E0180D2CC6D4}"
EndProject
Project("{FAE04EC0-301F-11D3-BF4B-00C04F79EFBC}") = "ApplicationUtilTool", "..\..\ApplicationUtilTool\ApplicationUtilTool\ApplicationUtilTool.csproj", "{6D5C0476-77B4-4636-8B7F-08705EC43857}"
EndProject
Global
	GlobalSection(SolutionConfigurationPlatforms) = preSolution
		Debug|Any CPU = Debug|Any CPU
		Debug|x64 = Debug|x64
		Release|Any CPU = Release|Any CPU
		Release|x64 = Release|x64
	EndGlobalSection
	GlobalSection(ProjectConfigurationPlatforms) = postSolution
		{2C52F76F-B4E8-4655-932A-E0180D2CC6D4}.Debug|Any CPU.ActiveCfg = Debug|Any CPU
		{2C52F76F-B4E8-4655-932A-E0180D2CC6D4}.Debug|Any CPU.Build.0 = Debug|Any CPU
		{2C52F76F-B4E8-4655-932A-E0180D2CC6D4}.Debug|x64.ActiveCfg = Debug|Any CPU
		{2C52F76F-B4E8-4655-932A-E0180D2CC6D4}.Debug|x64.Build.0 = Debug|Any CPU
		{2C52F76F-B4E8-4655-932A-E0180D2CC6D4}.Release|Any CPU.ActiveCfg = Release|Any CPU
		{2C52F76F-B4E8-4655-932A-E0180D2CC6D4}.Release|Any CPU.Build.0 = Release|Any CPU
		{2C52F76F-B4E8-4655-932A-E0180D2CC6D4}.Release|x64.ActiveCfg = Release|Any CPU
		{2C52F76F-B4E8-4655-932A-E0180D2CC6D4}.Release|x64.Build.0 = Release|Any CPU
		{6D5C0476-77B4-4636-8B7F-08705EC43857}.Debug|Any CPU.ActiveCfg = Debug|Any CPU
		{6D5C0476-77B4-4636-8B7F-08705EC43857}.Debug|Any CPU.Build.0 = Debug|Any CPU
		{6D5C0476-77B4-4636-8B7F-08705EC43857}.Debug|x64.ActiveCfg = Debug|x64
		{6D5C0476-77B4-4636-8B7F-08705EC43857}.Debug|x64.Build.0 = Debug|x64
		{6D5C0476-77B4-4636-8B7F-08705EC43857}.Release|Any CPU.ActiveCfg = Release|Any CPU
		{6D5C0476-77B4-4636-8B7F-08705EC43857}.Release|Any CPU.Build.0 = Release|Any CPU
		{6D5C0476-77B4-4636-8B7F-08705EC43857}.Release|x64.ActiveCfg = Release|x64
		{6D5C0476-77B4-4636-8B7F-08705EC43857}.Release|x64.Build.0 = Release|x64
	EndGlobalSection
	GlobalSection(SolutionProperties) = preSolution
		HideSolutionNode = FALSE
	EndGlobalSection
EndGlobal
