
Microsoft Visual Studio Solution File, Format Version 12.00
# Visual Studio 14
VisualStudioVersion = 14.0.25420.1
MinimumVisualStudioVersion = 10.0.40219.1
Project("{FAE04EC0-301F-11D3-BF4B-00C04F79EFBC}") = "EvalExample2_Lib", "EvalExample2_Lib\EvalExample2_Lib.csproj", "{3DDBE759-5FA7-442A-84E4-54101FBF4BA1}"
EndProject
Global
	GlobalSection(SolutionConfigurationPlatforms) = preSolution
		Debug|Any CPU = Debug|Any CPU
		Debug|x64 = Debug|x64
		Release|Any CPU = Release|Any CPU
		Release|x64 = Release|x64
	EndGlobalSection
	GlobalSection(ProjectConfigurationPlatforms) = postSolution
		{3DDBE759-5FA7-442A-84E4-54101FBF4BA1}.Debug|Any CPU.ActiveCfg = Debug|Any CPU
		{3DDBE759-5FA7-442A-84E4-54101FBF4BA1}.Debug|Any CPU.Build.0 = Debug|Any CPU
		{3DDBE759-5FA7-442A-84E4-54101FBF4BA1}.Debug|x64.ActiveCfg = Debug|x64
		{3DDBE759-5FA7-442A-84E4-54101FBF4BA1}.Debug|x64.Build.0 = Debug|x64
		{3DDBE759-5FA7-442A-84E4-54101FBF4BA1}.Release|Any CPU.ActiveCfg = Release|Any CPU
		{3DDBE759-5FA7-442A-84E4-54101FBF4BA1}.Release|Any CPU.Build.0 = Release|Any CPU
		{3DDBE759-5FA7-442A-84E4-54101FBF4BA1}.Release|x64.ActiveCfg = Release|Any CPU
		{3DDBE759-5FA7-442A-84E4-54101FBF4BA1}.Release|x64.Build.0 = Release|Any CPU
	EndGlobalSection
	GlobalSection(SolutionProperties) = preSolution
		HideSolutionNode = FALSE
	EndGlobalSection
EndGlobal
